{
    "_meta": {
        "hash": {
            "sha256": "06c84d6dda03dc78fb6243d95b3d6f9cd9d9a82bf85ad4cbc40b00f0e5f1d4f1"
        },
        "pipfile-spec": 6,
        "requires": {
            "python_version": "3"
        },
        "sources": [
            {
                "url": "https://pypi.python.org/simple",
                "verify_ssl": true
            }
        ]
    },
    "default": {
        "adafruit-blinka": {
            "hashes": [
                "sha256:f58f3e0a4d850662a2380d8c9f108a81b86493a218bf49043d5407b0caa8648c"
            ],
            "version": "==6.10.3"
        },
        "adafruit-platformdetect": {
            "hashes": [
                "sha256:485a924cd2993044d17fd471483eac933015a717a9996f891bf82a660157d3a0"
            ],
            "markers": "python_full_version >= '3.6.0'",
            "version": "==3.14.2"
        },
        "adafruit-pureio": {
            "hashes": [
                "sha256:2caf22fb07c7f771d83267f331a76cde314723f884a9570ea6f768730c87a879"
            ],
            "markers": "python_full_version >= '3.5.0'",
            "version": "==1.1.9"
        },
        "pyftdi": {
            "hashes": [
                "sha256:64d3970e82e03fbbbceb075428306a1f3e7e88743a8fc6c9e12fdcbeb8af87f0",
                "sha256:c9dc644b90d10631f2a2beedbd717c4735cfdd4db9e4d8a2d9af57d78a09cf5f"
            ],
            "version": "==0.53.1"
        },
        "pyserial": {
            "hashes": [
                "sha256:3c77e014170dfffbd816e6ffc205e9842efb10be9f58ec16d3e8675b4925cddb",
                "sha256:c4451db6ba391ca6ca299fb3ec7bae67a5c55dde170964c7a14ceefec02f2cf0"
            ],
            "version": "==3.5"
        },
        "pyusb": {
            "hashes": [
                "sha256:7d449ad916ce58aff60b89aae0b65ac130f289c24d6a5b7b317742eccffafc38",
                "sha256:f18eb813d3a1439918071234589162c2f209a19adbeffeb1377ce078a4aebc70"
            ],
            "version": "==1.1.1"
        },
        "rpi-ws281x": {
            "hashes": [
                "sha256:0b9549687ab7117acbc4bac0e92742fd2c8290fd204514d72fed91c06ba2e805",
                "sha256:656f86d9cda8ff2e2b0368c17b6afdf898234d414133bcc10f214864a6843453",
                "sha256:e62576713938f81a4448711c41646caded0684b1df2ee4ff43ccd32d1dddd81f"
            ],
            "version": "==4.3.0"
        },
        "rpi.gpio": {
            "hashes": [
                "sha256:7424bc6c205466764f30f666c18187a0824077daf20b295c42f08aea2cb87d3f"
            ],
            "version": "==0.7.0"
        },
        "sysv-ipc": {
            "hashes": [
                "sha256:0f063cbd36ec232032e425769ebc871f195a7d183b9af32f9901589ea7129ac3",
                "sha256:30611dccecd8fa0dc9f83d4d465e5047692df0ec9a095abef8b90ccc64afbdaf",
                "sha256:4bbbe4e5ad5ab859e6d21fc8ff3e3b01082b959fa5c2cd76289dbcd56350c5f9",
                "sha256:61190b934b0277f7a189092dcabceee8d9736fd73de90fd9b50ea69f0bac4723",
                "sha256:ff6e3c98d8aa3e1ae5378d86869c4699c76f94318705d08085c97fb010770a31"
            ],
            "version": "==1.1.0"
        }
    },
    "develop": {}
}
